schema: '2.0'
stages:
  add_csv_file_data_to_mongodb:
    cmd: python src/db_operations/mongodb_ops/mongodb_operations.py
    deps:
    - path: data/raw/
      md5: 0e398afa79094f53b86891f853668953.dir
      size: 656211
      nfiles: 4
    - path: src/db_operations/mongodb_ops/mongodb_operations.py
      md5: 07a0e80f5ddaf16fb8b340679dec4d84
      size: 2301
  scrap_data_from_flipkart:
    cmd: python src/create_data/scrap_data_from_flipkart.py "dell+laptop"
    deps:
    - path: src/create_data/scrap_data_from_flipkart.py
      md5: 37e025de2ac6353efcbb1fad3a75b688
      size: 6356
  first_scrap_data_from_flipkart:
    cmd: python src/create_data/scrap_data_from_flipkart.py "dell+laptop"
    deps:
    - path: src/create_data/scrap_data_from_flipkart.py
      md5: 37e025de2ac6353efcbb1fad3a75b688
      size: 6356
  second_add_csv_file_data_to_mongodb:
    cmd: python src/db_operations/mongodb_ops/mongodb_operations.py
    deps:
    - path: data/raw/
      md5: 0e398afa79094f53b86891f853668953.dir
      size: 656211
      nfiles: 4
    - path: src/db_operations/mongodb_ops/mongodb_operations.py
      md5: 07a0e80f5ddaf16fb8b340679dec4d84
      size: 2301
